
Microsoft Visual Studio Solution File, Format Version 12.00
# Visual Studio Version 17
VisualStudioVersion = 17.8.34322.80
MinimumVisualStudioVersion = 10.0.40219.1
Project("{FAE04EC0-301F-11D3-BF4B-00C04F79EFBC}") = "day01", "day01\day01.csproj", "{F2A9EE91-EBEB-4417-BC24-152626739F30}"
EndProject
Global
	GlobalSection(SolutionConfigurationPlatforms) = preSolution
		Debug|Any CPU = Debug|Any CPU
		Release|Any CPU = Release|Any CPU
	EndGlobalSection
	GlobalSection(ProjectConfigurationPlatforms) = postSolution
		{F2A9EE91-EBEB-4417-BC24-152626739F30}.Debug|Any CPU.ActiveCfg = Debug|Any CPU
		{F2A9EE91-EBEB-4417-BC24-152626739F30}.Debug|Any CPU.Build.0 = Debug|Any CPU
		{F2A9EE91-EBEB-4417-BC24-152626739F30}.Release|Any CPU.ActiveCfg = Release|Any CPU
		{F2A9EE91-EBEB-4417-BC24-152626739F30}.Release|Any CPU.Build.0 = Release|Any CPU
	EndGlobalSection
	GlobalSection(SolutionProperties) = preSolution
		HideSolutionNode = FALSE
	EndGlobalSection
	GlobalSection(ExtensibilityGlobals) = postSolution
		SolutionGuid = {2FF7D16F-6596-4002-B677-92A163E35FBE}
	EndGlobalSection
EndGlobal
